
Microsoft Visual Studio Solution File, Format Version 12.00
# Visual Studio Version 17
VisualStudioVersion = 17.0.31912.275
MinimumVisualStudioVersion = 10.0.40219.1
Project("{FAE04EC0-301F-11D3-BF4B-00C04F79EFBC}") = "Employ", "Employ\Employ.csproj", "{468FE5BE-7C42-4D50-9B3B-15EAB242FA43}"
EndProject
Global
	GlobalSection(SolutionConfigurationPlatforms) = preSolution
		Debug|Any CPU = Debug|Any CPU
		Release|Any CPU = Release|Any CPU
	EndGlobalSection
	GlobalSection(ProjectConfigurationPlatforms) = postSolution
		{468FE5BE-7C42-4D50-9B3B-15EAB242FA43}.Debug|Any CPU.ActiveCfg = Debug|Any CPU
		{468FE5BE-7C42-4D50-9B3B-15EAB242FA43}.Debug|Any CPU.Build.0 = Debug|Any CPU
		{468FE5BE-7C42-4D50-9B3B-15EAB242FA43}.Release|Any CPU.ActiveCfg = Release|Any CPU
		{468FE5BE-7C42-4D50-9B3B-15EAB242FA43}.Release|Any CPU.Build.0 = Release|Any CPU
	EndGlobalSection
	GlobalSection(SolutionProperties) = preSolution
		HideSolutionNode = FALSE
	EndGlobalSection
	GlobalSection(ExtensibilityGlobals) = postSolution
		SolutionGuid = {2EAFF647-7A55-461F-8821-1942FC11571E}
	EndGlobalSection
EndGlobal
