
Microsoft Visual Studio Solution File, Format Version 12.00
# Visual Studio Version 17
VisualStudioVersion = 17.0.31912.275
MinimumVisualStudioVersion = 10.0.40219.1
Project("{FAE04EC0-301F-11D3-BF4B-00C04F79EFBC}") = "compegeneric", "compegeneric\compegeneric.csproj", "{626EEE33-7669-4424-B204-78AF6112F12E}"
EndProject
Global
	GlobalSection(SolutionConfigurationPlatforms) = preSolution
		Debug|Any CPU = Debug|Any CPU
		Release|Any CPU = Release|Any CPU
	EndGlobalSection
	GlobalSection(ProjectConfigurationPlatforms) = postSolution
		{626EEE33-7669-4424-B204-78AF6112F12E}.Debug|Any CPU.ActiveCfg = Debug|Any CPU
		{626EEE33-7669-4424-B204-78AF6112F12E}.Debug|Any CPU.Build.0 = Debug|Any CPU
		{626EEE33-7669-4424-B204-78AF6112F12E}.Release|Any CPU.ActiveCfg = Release|Any CPU
		{626EEE33-7669-4424-B204-78AF6112F12E}.Release|Any CPU.Build.0 = Release|Any CPU
	EndGlobalSection
	GlobalSection(SolutionProperties) = preSolution
		HideSolutionNode = FALSE
	EndGlobalSection
	GlobalSection(ExtensibilityGlobals) = postSolution
		SolutionGuid = {4BB48AA8-1361-4755-B7E9-0A93E038FD92}
	EndGlobalSection
EndGlobal
